
Microsoft Visual Studio Solution File, Format Version 12.00
# Visual Studio Version 16
VisualStudioVersion = 16.0.31410.357
MinimumVisualStudioVersion = 10.0.40219.1
Project("{FAE04EC0-301F-11D3-BF4B-00C04F79EFBC}") = "Bai_Tap_Lon_Winform", "Bai_Tap_Lon_Winform\Bai_Tap_Lon_Winform.csproj", "{9443D923-AC0B-4E32-BFC1-532D3EFC6402}"
EndProject
Global
	GlobalSection(SolutionConfigurationPlatforms) = preSolution
		Debug|Any CPU = Debug|Any CPU
		Release|Any CPU = Release|Any CPU
	EndGlobalSection
	GlobalSection(ProjectConfigurationPlatforms) = postSolution
		{9443D923-AC0B-4E32-BFC1-532D3EFC6402}.Debug|Any CPU.ActiveCfg = Debug|Any CPU
		{9443D923-AC0B-4E32-BFC1-532D3EFC6402}.Debug|Any CPU.Build.0 = Debug|Any CPU
		{9443D923-AC0B-4E32-BFC1-532D3EFC6402}.Release|Any CPU.ActiveCfg = Release|Any CPU
		{9443D923-AC0B-4E32-BFC1-532D3EFC6402}.Release|Any CPU.Build.0 = Release|Any CPU
	EndGlobalSection
	GlobalSection(SolutionProperties) = preSolution
		HideSolutionNode = FALSE
	EndGlobalSection
	GlobalSection(ExtensibilityGlobals) = postSolution
		SolutionGuid = {D3F64719-F154-4D0C-947C-41DE3CAF2583}
	EndGlobalSection
EndGlobal
